
Microsoft Visual Studio Solution File, Format Version 12.00
# Visual Studio Version 16
VisualStudioVersion = 16.0.31829.152
MinimumVisualStudioVersion = 10.0.40219.1
Project("{8BC9CEB8-8B4A-11D0-8D11-00A0C91BC942}") = "067CStudy", "067CStudy\067CStudy.vcxproj", "{9852AD35-8544-48EA-BDE6-4BB12BD26D9C}"
EndProject
Global
	GlobalSection(SolutionConfigurationPlatforms) = preSolution
		Debug|x64 = Debug|x64
		Debug|x86 = Debug|x86
		Release|x64 = Release|x64
		Release|x86 = Release|x86
	EndGlobalSection
	GlobalSection(ProjectConfigurationPlatforms) = postSolution
		{9852AD35-8544-48EA-BDE6-4BB12BD26D9C}.Debug|x64.ActiveCfg = Debug|x64
		{9852AD35-8544-48EA-BDE6-4BB12BD26D9C}.Debug|x64.Build.0 = Debug|x64
		{9852AD35-8544-48EA-BDE6-4BB12BD26D9C}.Debug|x86.ActiveCfg = Debug|Win32
		{9852AD35-8544-48EA-BDE6-4BB12BD26D9C}.Debug|x86.Build.0 = Debug|Win32
		{9852AD35-8544-48EA-BDE6-4BB12BD26D9C}.Release|x64.ActiveCfg = Release|x64
		{9852AD35-8544-48EA-BDE6-4BB12BD26D9C}.Release|x64.Build.0 = Release|x64
		{9852AD35-8544-48EA-BDE6-4BB12BD26D9C}.Release|x86.ActiveCfg = Release|Win32
		{9852AD35-8544-48EA-BDE6-4BB12BD26D9C}.Release|x86.Build.0 = Release|Win32
	EndGlobalSection
	GlobalSection(SolutionProperties) = preSolution
		HideSolutionNode = FALSE
	EndGlobalSection
	GlobalSection(ExtensibilityGlobals) = postSolution
		SolutionGuid = {71297826-7D8C-4B52-98F5-2546FD5B2072}
	EndGlobalSection
EndGlobal
